
Microsoft Visual Studio Solution File, Format Version 12.00
# Visual Studio Version 17
VisualStudioVersion = 17.14.37216.2 d17.14
MinimumVisualStudioVersion = 10.0.40219.1
Project("{FAE04EC0-301F-11D3-BF4B-00C04F79EFBC}") = "Milestone2", "Milestone2.csproj", "{95378718-9862-476F-97C0-1BAFF24C8C61}"
EndProject
Global
	GlobalSection(SolutionConfigurationPlatforms) = preSolution
		Debug|Any CPU = Debug|Any CPU
		Release|Any CPU = Release|Any CPU
	EndGlobalSection
	GlobalSection(ProjectConfigurationPlatforms) = postSolution
		{95378718-9862-476F-97C0-1BAFF24C8C61}.Debug|Any CPU.ActiveCfg = Debug|Any CPU
		{95378718-9862-476F-97C0-1BAFF24C8C61}.Debug|Any CPU.Build.0 = Debug|Any CPU
		{95378718-9862-476F-97C0-1BAFF24C8C61}.Release|Any CPU.ActiveCfg = Release|Any CPU
		{95378718-9862-476F-97C0-1BAFF24C8C61}.Release|Any CPU.Build.0 = Release|Any CPU
	EndGlobalSection
	GlobalSection(SolutionProperties) = preSolution
		HideSolutionNode = FALSE
	EndGlobalSection
	GlobalSection(ExtensibilityGlobals) = postSolution
		SolutionGuid = {444A8765-376C-44B6-83C5-1966518CC847}
	EndGlobalSection
EndGlobal
